
Microsoft Visual Studio Solution File, Format Version 12.00
# Visual Studio 2012
Project("{FAE04EC0-301F-11D3-BF4B-00C04F79EFBC}") = "NewsDemo", "NewsDemo\NewsDemo.csproj", "{91B6614E-9718-4C12-A01E-43E999D73DAD}"
EndProject
Project("{FAE04EC0-301F-11D3-BF4B-00C04F79EFBC}") = "DAL", "DAL\DAL.csproj", "{2EFEEB4B-4DB3-47DF-8A42-8DA2C4EFDDE7}"
EndProject
Project("{FAE04EC0-301F-11D3-BF4B-00C04F79EFBC}") = "Helper", "Helper\Helper.csproj", "{330C8BA6-7443-42CA-B215-B1686585AB53}"
EndProject
Project("{FAE04EC0-301F-11D3-BF4B-00C04F79EFBC}") = "Model", "Model\Model.csproj", "{2F88F2B2-EAF9-4BB9-A11D-DC860C5C5C13}"
EndProject
Global
	GlobalSection(SolutionConfigurationPlatforms) = preSolution
		Debug|Any CPU = Debug|Any CPU
		Release|Any CPU = Release|Any CPU
	EndGlobalSection
	GlobalSection(ProjectConfigurationPlatforms) = postSolution
		{91B6614E-9718-4C12-A01E-43E999D73DAD}.Debug|Any CPU.ActiveCfg = Debug|Any CPU
		{91B6614E-9718-4C12-A01E-43E999D73DAD}.Debug|Any CPU.Build.0 = Debug|Any CPU
		{91B6614E-9718-4C12-A01E-43E999D73DAD}.Release|Any CPU.ActiveCfg = Release|Any CPU
		{91B6614E-9718-4C12-A01E-43E999D73DAD}.Release|Any CPU.Build.0 = Release|Any CPU
		{2EFEEB4B-4DB3-47DF-8A42-8DA2C4EFDDE7}.Debug|Any CPU.ActiveCfg = Debug|Any CPU
		{2EFEEB4B-4DB3-47DF-8A42-8DA2C4EFDDE7}.Debug|Any CPU.Build.0 = Debug|Any CPU
		{2EFEEB4B-4DB3-47DF-8A42-8DA2C4EFDDE7}.Release|Any CPU.ActiveCfg = Release|Any CPU
		{2EFEEB4B-4DB3-47DF-8A42-8DA2C4EFDDE7}.Release|Any CPU.Build.0 = Release|Any CPU
		{330C8BA6-7443-42CA-B215-B1686585AB53}.Debug|Any CPU.ActiveCfg = Debug|Any CPU
		{330C8BA6-7443-42CA-B215-B1686585AB53}.Debug|Any CPU.Build.0 = Debug|Any CPU
		{330C8BA6-7443-42CA-B215-B1686585AB53}.Release|Any CPU.ActiveCfg = Release|Any CPU
		{330C8BA6-7443-42CA-B215-B1686585AB53}.Release|Any CPU.Build.0 = Release|Any CPU
		{2F88F2B2-EAF9-4BB9-A11D-DC860C5C5C13}.Debug|Any CPU.ActiveCfg = Debug|Any CPU
		{2F88F2B2-EAF9-4BB9-A11D-DC860C5C5C13}.Debug|Any CPU.Build.0 = Debug|Any CPU
		{2F88F2B2-EAF9-4BB9-A11D-DC860C5C5C13}.Release|Any CPU.ActiveCfg = Release|Any CPU
		{2F88F2B2-EAF9-4BB9-A11D-DC860C5C5C13}.Release|Any CPU.Build.0 = Release|Any CPU
	EndGlobalSection
	GlobalSection(SolutionProperties) = preSolution
		HideSolutionNode = FALSE
	EndGlobalSection
EndGlobal
